// !$*UTF8*$!
{
	archiveVersion = 1;
	classes = {
	};
	objectVersion = 46;
	objects = {

/* Begin PBXBuildFile section */
		02039B241A81D3B7009A5C35 /* ParseFacebookUtils.framework in Frameworks */ = {isa = PBXBuildFile; fileRef = 02039B231A81D3B7009A5C35 /* ParseFacebookUtils.framework */; };
		02039B281A81D50E009A5C35 /* FacebookSDK.framework in Frameworks */ = {isa = PBXBuildFile; fileRef = 02039B271A81D50E009A5C35 /* FacebookSDK.framework */; settings = {ATTRIBUTES = (Required, ); }; };
		02D5BE8F1A80761C009F98DB /* LoginViewController.m in Sources */ = {isa = PBXBuildFile; fileRef = 02D5BE8E1A80761C009F98DB /* LoginViewController.m */; };
		02D5BE911A807B9C009F98DB /* Bolts.framework in Frameworks */ = {isa = PBXBuildFile; fileRef = 02D5BE901A807B9C009F98DB /* Bolts.framework */; };
		02D5BE931A807BA3009F98DB /* Parse.framework in Frameworks */ = {isa = PBXBuildFile; fileRef = 02D5BE921A807BA3009F98DB /* Parse.framework */; };
		02D5BE9E1A807BED009F98DB /* AudioToolbox.framework in Frameworks */ = {isa = PBXBuildFile; fileRef = 02D5BE941A807BED009F98DB /* AudioToolbox.framework */; };
		02D5BE9F1A807BED009F98DB /* CFNetwork.framework in Frameworks */ = {isa = PBXBuildFile; fileRef = 02D5BE951A807BED009F98DB /* CFNetwork.framework */; };
		02D5BEA01A807BED009F98DB /* CoreGraphics.framework in Frameworks */ = {isa = PBXBuildFile; fileRef = 02D5BE961A807BED009F98DB /* CoreGraphics.framework */; };
		02D5BEA11A807BED009F98DB /* CoreLocation.framework in Frameworks */ = {isa = PBXBuildFile; fileRef = 02D5BE971A807BED009F98DB /* CoreLocation.framework */; };
		02D5BEA21A807BED009F98DB /* libsqlite3.dylib in Frameworks */ = {isa = PBXBuildFile; fileRef = 02D5BE981A807BED009F98DB /* libsqlite3.dylib */; };
		02D5BEA31A807BED009F98DB /* libz.dylib in Frameworks */ = {isa = PBXBuildFile; fileRef = 02D5BE991A807BED009F98DB /* libz.dylib */; };
		02D5BEA41A807BED009F98DB /* MobileCoreServices.framework in Frameworks */ = {isa = PBXBuildFile; fileRef = 02D5BE9A1A807BED009F98DB /* MobileCoreServices.framework */; };
		02D5BEA51A807BED009F98DB /* QuartzCore.framework in Frameworks */ = {isa = PBXBuildFile; fileRef = 02D5BE9B1A807BED009F98DB /* QuartzCore.framework */; };
		02D5BEA61A807BED009F98DB /* Security.framework in Frameworks */ = {isa = PBXBuildFile; fileRef = 02D5BE9C1A807BED009F98DB /* Security.framework */; };
		02D5BEA71A807BED009F98DB /* SystemConfiguration.framework in Frameworks */ = {isa = PBXBuildFile; fileRef = 02D5BE9D1A807BED009F98DB /* SystemConfiguration.framework */; };
		02D5BEAA1A808050009F98DB /* CCBackBeat-Light_5.ttf in Resources */ = {isa = PBXBuildFile; fileRef = 02D5BEA91A808050009F98DB /* CCBackBeat-Light_5.ttf */; };
		02D5BEAC1A80805A009F98DB /* Supercell-Magic_5.ttf in Resources */ = {isa = PBXBuildFile; fileRef = 02D5BEAB1A80805A009F98DB /* Supercell-Magic_5.ttf */; };
		02D5BEAF1A808106009F98DB /* RegistrationViewController.m in Sources */ = {isa = PBXBuildFile; fileRef = 02D5BEAE1A808106009F98DB /* RegistrationViewController.m */; };
		20B03CC01A805D5F0003E84B /* main.m in Sources */ = {isa = PBXBuildFile; fileRef = 20B03CBF1A805D5F0003E84B /* main.m */; };
		20B03CC31A805D5F0003E84B /* AppDelegate.m in Sources */ = {isa = PBXBuildFile; fileRef = 20B03CC21A805D5F0003E84B /* AppDelegate.m */; };
		20B03CC61A805D5F0003E84B /* ViewController.m in Sources */ = {isa = PBXBuildFile; fileRef = 20B03CC51A805D5F0003E84B /* ViewController.m */; };
		20B03CC91A805D5F0003E84B /* Main.storyboard in Resources */ = {isa = PBXBuildFile; fileRef = 20B03CC71A805D5F0003E84B /* Main.storyboard */; };
		20B03CCB1A805D5F0003E84B /* Images.xcassets in Resources */ = {isa = PBXBuildFile; fileRef = 20B03CCA1A805D5F0003E84B /* Images.xcassets */; };
		20B03CCE1A805D5F0003E84B /* LaunchScreen.xib in Resources */ = {isa = PBXBuildFile; fileRef = 20B03CCC1A805D5F0003E84B /* LaunchScreen.xib */; };
		20B03CDA1A805D5F0003E84B /* Clash_SmartTests.m in Sources */ = {isa = PBXBuildFile; fileRef = 20B03CD91A805D5F0003E84B /* Clash_SmartTests.m */; };
/* End PBXBuildFile section */

/* Begin PBXContainerItemProxy section */
		20B03CD41A805D5F0003E84B /* PBXContainerItemProxy */ = {
			isa = PBXContainerItemProxy;
			containerPortal = 20B03CB21A805D5F0003E84B /* Project object */;
			proxyType = 1;
			remoteGlobalIDString = 20B03CB91A805D5F0003E84B;
			remoteInfo = "Clash Smart";
		};
/* End PBXContainerItemProxy section */

/* Begin PBXFileReference section */
		02039B231A81D3B7009A5C35 /* ParseFacebookUtils.framework */ = {isa = PBXFileReference; lastKnownFileType = wrapper.framework; path = ParseFacebookUtils.framework; sourceTree = "<group>"; };
		02039B271A81D50E009A5C35 /* FacebookSDK.framework */ = {isa = PBXFileReference; lastKnownFileType = wrapper.framework; name = FacebookSDK.framework; path = ../../Documents/FacebookSDK/FacebookSDK.framework; sourceTree = "<group>"; };
		02D5BE8D1A80761C009F98DB /* LoginViewController.h */ = {isa = PBXFileReference; fileEncoding = 4; lastKnownFileType = sourcecode.c.h; path = LoginViewController.h; sourceTree = "<group>"; };
		02D5BE8E1A80761C009F98DB /* LoginViewController.m */ = {isa = PBXFileReference; fileEncoding = 4; lastKnownFileType = sourcecode.c.objc; path = LoginViewController.m; sourceTree = "<group>"; };
		02D5BE901A807B9C009F98DB /* Bolts.framework */ = {isa = PBXFileReference; lastKnownFileType = wrapper.framework; name = Bolts.framework; path = "../../Desktop/parse-library-1.6.2/Bolts.framework"; sourceTree = "<group>"; };
		02D5BE921A807BA3009F98DB /* Parse.framework */ = {isa = PBXFileReference; lastKnownFileType = wrapper.framework; name = Parse.framework; path = "../../Desktop/parse-library-1.6.2/Parse.framework"; sourceTree = "<group>"; };
		02D5BE941A807BED009F98DB /* AudioToolbox.framework */ = {isa = PBXFileReference; lastKnownFileType = wrapper.framework; name = AudioToolbox.framework; path = System/Library/Frameworks/AudioToolbox.framework; sourceTree = SDKROOT; };
		02D5BE951A807BED009F98DB /* CFNetwork.framework */ = {isa = PBXFileReference; lastKnownFileType = wrapper.framework; name = CFNetwork.framework; path = System/Library/Frameworks/CFNetwork.framework; sourceTree = SDKROOT; };
		02D5BE961A807BED009F98DB /* CoreGraphics.framework */ = {isa = PBXFileReference; lastKnownFileType = wrapper.framework; name = CoreGraphics.framework; path = System/Library/Frameworks/CoreGraphics.framework; sourceTree = SDKROOT; };
		02D5BE971A807BED009F98DB /* CoreLocation.framework */ = {isa = PBXFileReference; lastKnownFileType = wrapper.framework; name = CoreLocation.framework; path = System/Library/Frameworks/CoreLocation.framework; sourceTree = SDKROOT; };
		02D5BE981A807BED009F98DB /* libsqlite3.dylib */ = {isa = PBXFileReference; lastKnownFileType = "compiled.mach-o.dylib"; name = libsqlite3.dylib; path = usr/lib/libsqlite3.dylib; sourceTree = SDKROOT; };
		02D5BE991A807BED009F98DB /* libz.dylib */ = {isa = PBXFileReference; lastKnownFileType = "compiled.mach-o.dylib"; name = libz.dylib; path = usr/lib/libz.dylib; sourceTree = SDKROOT; };
		02D5BE9A1A807BED009F98DB /* MobileCoreServices.framework */ = {isa = PBXFileReference; lastKnownFileType = wrapper.framework; name = MobileCoreServices.framework; path = System/Library/Frameworks/MobileCoreServices.framework; sourceTree = SDKROOT; };
		02D5BE9B1A807BED009F98DB /* QuartzCore.framework */ = {isa = PBXFileReference; lastKnownFileType = wrapper.framework; name = QuartzCore.framework; path = System/Library/Frameworks/QuartzCore.framework; sourceTree = SDKROOT; };
		02D5BE9C1A807BED009F98DB /* Security.framework */ = {isa = PBXFileReference; lastKnownFileType = wrapper.framework; name = Security.framework; path = System/Library/Frameworks/Security.framework; sourceTree = SDKROOT; };
		02D5BE9D1A807BED009F98DB /* SystemConfiguration.framework */ = {isa = PBXFileReference; lastKnownFileType = wrapper.framework; name = SystemConfiguration.framework; path = System/Library/Frameworks/SystemConfiguration.framework; sourceTree = SDKROOT; };
		02D5BEA91A808050009F98DB /* CCBackBeat-Light_5.ttf */ = {isa = PBXFileReference; lastKnownFileType = file; path = "CCBackBeat-Light_5.ttf"; sourceTree = "<group>"; };
		02D5BEAB1A80805A009F98DB /* Supercell-Magic_5.ttf */ = {isa = PBXFileReference; lastKnownFileType = file; path = "Supercell-Magic_5.ttf"; sourceTree = "<group>"; };
		02D5BEAD1A808106009F98DB /* RegistrationViewController.h */ = {isa = PBXFileReference; fileEncoding = 4; lastKnownFileType = sourcecode.c.h; path = RegistrationViewController.h; sourceTree = "<group>"; };
		02D5BEAE1A808106009F98DB /* RegistrationViewController.m */ = {isa = PBXFileReference; fileEncoding = 4; lastKnownFileType = sourcecode.c.objc; path = RegistrationViewController.m; sourceTree = "<group>"; };
		20B03CBA1A805D5F0003E84B /* Clash Smart.app */ = {isa = PBXFileReference; explicitFileType = wrapper.application; includeInIndex = 0; path = "Clash Smart.app"; sourceTree = BUILT_PRODUCTS_DIR; };
		20B03CBE1A805D5F0003E84B /* Info.plist */ = {isa = PBXFileReference; lastKnownFileType = text.plist.xml; path = Info.plist; sourceTree = "<group>"; };
		20B03CBF1A805D5F0003E84B /* main.m */ = {isa = PBXFileReference; lastKnownFileType = sourcecode.c.objc; path = main.m; sourceTree = "<group>"; };
		20B03CC11A805D5F0003E84B /* AppDelegate.h */ = {isa = PBXFileReference; lastKnownFileType = sourcecode.c.h; path = AppDelegate.h; sourceTree = "<group>"; };
		20B03CC21A805D5F0003E84B /* AppDelegate.m */ = {isa = PBXFileReference; lastKnownFileType = sourcecode.c.objc; path = AppDelegate.m; sourceTree = "<group>"; };
		20B03CC41A805D5F0003E84B /* ViewController.h */ = {isa = PBXFileReference; lastKnownFileType = sourcecode.c.h; path = ViewController.h; sourceTree = "<group>"; };
		20B03CC51A805D5F0003E84B /* ViewController.m */ = {isa = PBXFileReference; lastKnownFileType = sourcecode.c.objc; path = ViewController.m; sourceTree = "<group>"; };
		20B03CC81A805D5F0003E84B /* Base */ = {isa = PBXFileReference; lastKnownFileType = file.storyboard; name = Base; path = Base.lproj/Main.storyboard; sourceTree = "<group>"; };
		20B03CCA1A805D5F0003E84B /* Images.xcassets */ = {isa = PBXFileReference; lastKnownFileType = folder.assetcatalog; path = Images.xcassets; sourceTree = "<group>"; };
		20B03CCD1A805D5F0003E84B /* Base */ = {isa = PBXFileReference; lastKnownFileType = file.xib; name = Base; path = Base.lproj/LaunchScreen.xib; sourceTree = "<group>"; };
		20B03CD31A805D5F0003E84B /* Clash SmartTests.xctest */ = {isa = PBXFileReference; explicitFileType = wrapper.cfbundle; includeInIndex = 0; path = "Clash SmartTests.xctest"; sourceTree = BUILT_PRODUCTS_DIR; };
		20B03CD81A805D5F0003E84B /* Info.plist */ = {isa = PBXFileReference; lastKnownFileType = text.plist.xml; path = Info.plist; sourceTree = "<group>"; };
		20B03CD91A805D5F0003E84B /* Clash_SmartTests.m */ = {isa = PBXFileReference; lastKnownFileType = sourcecode.c.objc; path = Clash_SmartTests.m; sourceTree = "<group>"; };
/* End PBXFileReference section */

/* Begin PBXFrameworksBuildPhase section */
		20B03CB71A805D5F0003E84B /* Frameworks */ = {
			isa = PBXFrameworksBuildPhase;
			buildActionMask = 2147483647;
			files = (
				02D5BE9E1A807BED009F98DB /* AudioToolbox.framework in Frameworks */,
				02D5BE9F1A807BED009F98DB /* CFNetwork.framework in Frameworks */,
				02D5BEA01A807BED009F98DB /* CoreGraphics.framework in Frameworks */,
				02D5BEA11A807BED009F98DB /* CoreLocation.framework in Frameworks */,
				02D5BEA21A807BED009F98DB /* libsqlite3.dylib in Frameworks */,
				02D5BEA31A807BED009F98DB /* libz.dylib in Frameworks */,
				02D5BEA41A807BED009F98DB /* MobileCoreServices.framework in Frameworks */,
				02D5BEA51A807BED009F98DB /* QuartzCore.framework in Frameworks */,
				02D5BEA61A807BED009F98DB /* Security.framework in Frameworks */,
				02D5BEA71A807BED009F98DB /* SystemConfiguration.framework in Frameworks */,
				02D5BE931A807BA3009F98DB /* Parse.framework in Frameworks */,
				02D5BE911A807B9C009F98DB /* Bolts.framework in Frameworks */,
				02039B241A81D3B7009A5C35 /* ParseFacebookUtils.framework in Frameworks */,
				02039B281A81D50E009A5C35 /* FacebookSDK.framework in Frameworks */,
			);
			runOnlyForDeploymentPostprocessing = 0;
		};
		20B03CD01A805D5F0003E84B /* Frameworks */ = {
			isa = PBXFrameworksBuildPhase;
			buildActionMask = 2147483647;
			files = (
			);
			runOnlyForDeploymentPostprocessing = 0;
		};
/* End PBXFrameworksBuildPhase section */

/* Begin PBXGroup section */
		02039B291A81D589009A5C35 /* Login */ = {
			isa = PBXGroup;
			children = (
				02D5BEAE1A808106009F98DB /* RegistrationViewController.m */,
				02D5BEAD1A808106009F98DB /* RegistrationViewController.h */,
				02D5BE8E1A80761C009F98DB /* LoginViewController.m */,
				02D5BE8D1A80761C009F98DB /* LoginViewController.h */,
			);
			name = Login;
			sourceTree = "<group>";
		};
		02D5BEA81A808016009F98DB /* Font */ = {
			isa = PBXGroup;
			children = (
				02D5BEA91A808050009F98DB /* CCBackBeat-Light_5.ttf */,
				02D5BEAB1A80805A009F98DB /* Supercell-Magic_5.ttf */,
			);
			name = Font;
			sourceTree = "<group>";
		};
		20B03CB11A805D5F0003E84B = {
			isa = PBXGroup;
			children = (
				02039B271A81D50E009A5C35 /* FacebookSDK.framework */,
				02039B231A81D3B7009A5C35 /* ParseFacebookUtils.framework */,
				02D5BE941A807BED009F98DB /* AudioToolbox.framework */,
				02D5BE951A807BED009F98DB /* CFNetwork.framework */,
				02D5BE961A807BED009F98DB /* CoreGraphics.framework */,
				02D5BE971A807BED009F98DB /* CoreLocation.framework */,
				02D5BE981A807BED009F98DB /* libsqlite3.dylib */,
				02D5BE991A807BED009F98DB /* libz.dylib */,
				02D5BE9A1A807BED009F98DB /* MobileCoreServices.framework */,
				02D5BE9B1A807BED009F98DB /* QuartzCore.framework */,
				02D5BE9C1A807BED009F98DB /* Security.framework */,
				02D5BE9D1A807BED009F98DB /* SystemConfiguration.framework */,
				02D5BE921A807BA3009F98DB /* Parse.framework */,
				02D5BE901A807B9C009F98DB /* Bolts.framework */,
				20B03CBC1A805D5F0003E84B /* Clash Smart */,
				20B03CD61A805D5F0003E84B /* Clash SmartTests */,
				20B03CBB1A805D5F0003E84B /* Products */,
			);
			sourceTree = "<group>";
		};
		20B03CBB1A805D5F0003E84B /* Products */ = {
			isa = PBXGroup;
			children = (
				20B03CBA1A805D5F0003E84B /* Clash Smart.app */,
				20B03CD31A805D5F0003E84B /* Clash SmartTests.xctest */,
			);
			name = Products;
			sourceTree = "<group>";
		};
		20B03CBC1A805D5F0003E84B /* Clash Smart */ = {
			isa = PBXGroup;
			children = (
				20B03CC11A805D5F0003E84B /* AppDelegate.h */,
				20B03CC21A805D5F0003E84B /* AppDelegate.m */,
				20B03CC41A805D5F0003E84B /* ViewController.h */,
				20B03CC51A805D5F0003E84B /* ViewController.m */,
				02039B291A81D589009A5C35 /* Login */,
				20B03CC71A805D5F0003E84B /* Main.storyboard */,
				20B03CCA1A805D5F0003E84B /* Images.xcassets */,
				20B03CCC1A805D5F0003E84B /* LaunchScreen.xib */,
				02D5BEA81A808016009F98DB /* Font */,
				20B03CBD1A805D5F0003E84B /* Supporting Files */,
			);
			path = "Clash Smart";
			sourceTree = "<group>";
		};
		20B03CBD1A805D5F0003E84B /* Supporting Files */ = {
			isa = PBXGroup;
			children = (
				20B03CBE1A805D5F0003E84B /* Info.plist */,
				20B03CBF1A805D5F0003E84B /* main.m */,
			);
			name = "Supporting Files";
			sourceTree = "<group>";
		};
		20B03CD61A805D5F0003E84B /* Clash SmartTests */ = {
			isa = PBXGroup;
			children = (
				20B03CD91A805D5F0003E84B /* Clash_SmartTests.m */,
				20B03CD71A805D5F0003E84B /* Supporting Files */,
			);
			path = "Clash SmartTests";
			sourceTree = "<group>";
		};
		20B03CD71A805D5F0003E84B /* Supporting Files */ = {
			isa = PBXGroup;
			children = (
				20B03CD81A805D5F0003E84B /* Info.plist */,
			);
			name = "Supporting Files";
			sourceTree = "<group>";
		};
/* End PBXGroup section */

/* Begin PBXNativeTarget section */
		20B03CB91A805D5F0003E84B /* Clash Smart */ = {
			isa = PBXNativeTarget;
			buildConfigurationList = 20B03CDD1A805D5F0003E84B /* Build configuration list for PBXNativeTarget "Clash Smart" */;
			buildPhases = (
				20B03CB61A805D5F0003E84B /* Sources */,
				20B03CB71A805D5F0003E84B /* Frameworks */,
				20B03CB81A805D5F0003E84B /* Resources */,
			);
			buildRules = (
			);
			dependencies = (
			);
			name = "Clash Smart";
			productName = "Clash Smart";
			productReference = 20B03CBA1A805D5F0003E84B /* Clash Smart.app */;
			productType = "com.apple.product-type.application";
		};
		20B03CD21A805D5F0003E84B /* Clash SmartTests */ = {
			isa = PBXNativeTarget;
			buildConfigurationList = 20B03CE01A805D5F0003E84B /* Build configuration list for PBXNativeTarget "Clash SmartTests" */;
			buildPhases = (
				20B03CCF1A805D5F0003E84B /* Sources */,
				20B03CD01A805D5F0003E84B /* Frameworks */,
				20B03CD11A805D5F0003E84B /* Resources */,
			);
			buildRules = (
			);
			dependencies = (
				20B03CD51A805D5F0003E84B /* PBXTargetDependency */,
			);
			name = "Clash SmartTests";
			productName = "Clash SmartTests";
			productReference = 20B03CD31A805D5F0003E84B /* Clash SmartTests.xctest */;
			productType = "com.apple.product-type.bundle.unit-test";
		};
/* End PBXNativeTarget section */

/* Begin PBXProject section */
		20B03CB21A805D5F0003E84B /* Project object */ = {
			isa = PBXProject;
			attributes = {
				LastUpgradeCheck = 0610;
				ORGANIZATIONNAME = "Joshua Jiang";
				TargetAttributes = {
					20B03CB91A805D5F0003E84B = {
						CreatedOnToolsVersion = 6.1.1;
					};
					20B03CD21A805D5F0003E84B = {
						CreatedOnToolsVersion = 6.1.1;
						TestTargetID = 20B03CB91A805D5F0003E84B;
					};
				};
			};
			buildConfigurationList = 20B03CB51A805D5F0003E84B /* Build configuration list for PBXProject "Clash Smart" */;
			compatibilityVersion = "Xcode 3.2";
			developmentRegion = English;
			hasScannedForEncodings = 0;
			knownRegions = (
				en,
				Base,
			);
			mainGroup = 20B03CB11A805D5F0003E84B;
			productRefGroup = 20B03CBB1A805D5F0003E84B /* Products */;
			projectDirPath = "";
			projectRoot = "";
			targets = (
				20B03CB91A805D5F0003E84B /* Clash Smart */,
				20B03CD21A805D5F0003E84B /* Clash SmartTests */,
			);
		};
/* End PBXProject section */

/* Begin PBXResourcesBuildPhase section */
		20B03CB81A805D5F0003E84B /* Resources */ = {
			isa = PBXResourcesBuildPhase;
			buildActionMask = 2147483647;
			files = (
				20B03CC91A805D5F0003E84B /* Main.storyboard in Resources */,
				20B03CCE1A805D5F0003E84B /* LaunchScreen.xib in Resources */,
				02D5BEAC1A80805A009F98DB /* Supercell-Magic_5.ttf in Resources */,
				02D5BEAA1A808050009F98DB /* CCBackBeat-Light_5.ttf in Resources */,
				20B03CCB1A805D5F0003E84B /* Images.xcassets in Resources */,
			);
			runOnlyForDeploymentPostprocessing = 0;
		};
		20B03CD11A805D5F0003E84B /* Resources */ = {
			isa = PBXResourcesBuildPhase;
			buildActionMask = 2147483647;
			files = (
			);
			runOnlyForDeploymentPostprocessing = 0;
		};
/* End PBXResourcesBuildPhase section */

/* Begin PBXSourcesBuildPhase section */
		20B03CB61A805D5F0003E84B /* Sources */ = {
			isa = PBXSourcesBuildPhase;
			buildActionMask = 2147483647;
			files = (
				02D5BEAF1A808106009F98DB /* RegistrationViewController.m in Sources */,
				02D5BE8F1A80761C009F98DB /* LoginViewController.m in Sources */,
				20B03CC61A805D5F0003E84B /* ViewController.m in Sources */,
				20B03CC31A805D5F0003E84B /* AppDelegate.m in Sources */,
				20B03CC01A805D5F0003E84B /* main.m in Sources */,
			);
			runOnlyForDeploymentPostprocessing = 0;
		};
		20B03CCF1A805D5F0003E84B /* Sources */ = {
			isa = PBXSourcesBuildPhase;
			buildActionMask = 2147483647;
			files = (
				20B03CDA1A805D5F0003E84B /* Clash_SmartTests.m in Sources */,
			);
			runOnlyForDeploymentPostprocessing = 0;
		};
/* End PBXSourcesBuildPhase section */

/* Begin PBXTargetDependency section */
		20B03CD51A805D5F0003E84B /* PBXTargetDependency */ = {
			isa = PBXTargetDependency;
			target = 20B03CB91A805D5F0003E84B /* Clash Smart */;
			targetProxy = 20B03CD41A805D5F0003E84B /* PBXContainerItemProxy */;
		};
/* End PBXTargetDependency section */

/* Begin PBXVariantGroup section */
		20B03CC71A805D5F0003E84B /* Main.storyboard */ = {
			isa = PBXVariantGroup;
			children = (
				20B03CC81A805D5F0003E84B /* Base */,
			);
			name = Main.storyboard;
			sourceTree = "<group>";
		};
		20B03CCC1A805D5F0003E84B /* LaunchScreen.xib */ = {
			isa = PBXVariantGroup;
			children = (
				20B03CCD1A805D5F0003E84B /* Base */,
			);
			name = LaunchScreen.xib;
			sourceTree = "<group>";
		};
/* End PBXVariantGroup section */

/* Begin XCBuildConfiguration section */
		20B03CDB1A805D5F0003E84B /* Debug */ = {
			isa = XCBuildConfiguration;
			buildSettings = {
				ALWAYS_SEARCH_USER_PATHS = NO;
				CLANG_CXX_LANGUAGE_STANDARD = "gnu++0x";
				CLANG_CXX_LIBRARY = "libc++";
				CLANG_ENABLE_MODULES = YES;
				CLANG_ENABLE_OBJC_ARC = YES;
				CLANG_WARN_BOOL_CONVERSION = YES;
				CLANG_WARN_CONSTANT_CONVERSION = YES;
				CLANG_WARN_DIRECT_OBJC_ISA_USAGE = YES_ERROR;
				CLANG_WARN_EMPTY_BODY = YES;
				CLANG_WARN_ENUM_CONVERSION = YES;
				CLANG_WARN_INT_CONVERSION = YES;
				CLANG_WARN_OBJC_ROOT_CLASS = YES_ERROR;
				CLANG_WARN_UNREACHABLE_CODE = YES;
				CLANG_WARN__DUPLICATE_METHOD_MATCH = YES;
				"CODE_SIGN_IDENTITY[sdk=iphoneos*]" = "iPhone Developer";
				COPY_PHASE_STRIP = NO;
				ENABLE_STRICT_OBJC_MSGSEND = YES;
				GCC_C_LANGUAGE_STANDARD = gnu99;
				GCC_DYNAMIC_NO_PIC = NO;
				GCC_OPTIMIZATION_LEVEL = 0;
				GCC_PREPROCESSOR_DEFINITIONS = (
					"DEBUG=1",
					"$(inherited)",
				);
				GCC_SYMBOLS_PRIVATE_EXTERN = NO;
				GCC_WARN_64_TO_32_BIT_CONVERSION = YES;
				GCC_WARN_ABOUT_RETURN_TYPE = YES_ERROR;
				GCC_WARN_UNDECLARED_SELECTOR = YES;
				GCC_WARN_UNINITIALIZED_AUTOS = YES_AGGRESSIVE;
				GCC_WARN_UNUSED_FUNCTION = YES;
				GCC_WARN_UNUSED_VARIABLE = YES;
				IPHONEOS_DEPLOYMENT_TARGET = 8.1;
				MTL_ENABLE_DEBUG_INFO = YES;
				ONLY_ACTIVE_ARCH = YES;
				SDKROOT = iphoneos;
			};
			name = Debug;
		};
		20B03CDC1A805D5F0003E84B /* Release */ = {
			isa = XCBuildConfiguration;
			buildSettings = {
				ALWAYS_SEARCH_USER_PATHS = NO;
				CLANG_CXX_LANGUAGE_STANDARD = "gnu++0x";
				CLANG_CXX_LIBRARY = "libc++";
				CLANG_ENABLE_MODULES = YES;
				CLANG_ENABLE_OBJC_ARC = YES;
				CLANG_WARN_BOOL_CONVERSION = YES;
				CLANG_WARN_CONSTANT_CONVERSION = YES;
				CLANG_WARN_DIRECT_OBJC_ISA_USAGE = YES_ERROR;
				CLANG_WARN_EMPTY_BODY = YES;
				CLANG_WARN_ENUM_CONVERSION = YES;
				CLANG_WARN_INT_CONVERSION = YES;
				CLANG_WARN_OBJC_ROOT_CLASS = YES_ERROR;
				CLANG_WARN_UNREACHABLE_CODE = YES;
				CLANG_WARN__DUPLICATE_METHOD_MATCH = YES;
				"CODE_SIGN_IDENTITY[sdk=iphoneos*]" = "iPhone Developer";
				COPY_PHASE_STRIP = YES;
				ENABLE_NS_ASSERTIONS = NO;
				ENABLE_STRICT_OBJC_MSGSEND = YES;
				GCC_C_LANGUAGE_STANDARD = gnu99;
				GCC_WARN_64_TO_32_BIT_CONVERSION = YES;
				GCC_WARN_ABOUT_RETURN_TYPE = YES_ERROR;
				GCC_WARN_UNDECLARED_SELECTOR = YES;
				GCC_WARN_UNINITIALIZED_AUTOS = YES_AGGRESSIVE;
				GCC_WARN_UNUSED_FUNCTION = YES;
				GCC_WARN_UNUSED_VARIABLE = YES;
				IPHONEOS_DEPLOYMENT_TARGET = 8.1;
				MTL_ENABLE_DEBUG_INFO = NO;
				SDKROOT = iphoneos;
				VALIDATE_PRODUCT = YES;
			};
			name = Release;
		};
		20B03CDE1A805D5F0003E84B /* Debug */ = {
			isa = XCBuildConfiguration;
			buildSettings = {
				ASSETCATALOG_COMPILER_APPICON_NAME = AppIcon;
				FRAMEWORK_SEARCH_PATHS = (
					"$(inherited)",
					"/Users/honghao/Desktop/parse-library-1.6.2",
					"$(PROJECT_DIR)",
					/Users/honghao/Documents/FacebookSDK,
				);
				INFOPLIST_FILE = "Clash Smart/Info.plist";
				LD_RUNPATH_SEARCH_PATHS = "$(inherited) @executable_path/Frameworks";
				PRODUCT_NAME = "$(TARGET_NAME)";
			};
			name = Debug;
		};
		20B03CDF1A805D5F0003E84B /* Release */ = {
			isa = XCBuildConfiguration;
			buildSettings = {
				ASSETCATALOG_COMPILER_APPICON_NAME = AppIcon;
				FRAMEWORK_SEARCH_PATHS = (
					"$(inherited)",
					"/Users/honghao/Desktop/parse-library-1.6.2",
					"$(PROJECT_DIR)",
					/Users/honghao/Documents/FacebookSDK,
				);
				INFOPLIST_FILE = "Clash Smart/Info.plist";
				LD_RUNPATH_SEARCH_PATHS = "$(inherited) @executable_path/Frameworks";
				PRODUCT_NAME = "$(TARGET_NAME)";
			};
			name = Release;
		};
		20B03CE11A805D5F0003E84B /* Debug */ = {
			isa = XCBuildConfiguration;
			buildSettings = {
				BUNDLE_LOADER = "$(TEST_HOST)";
				FRAMEWORK_SEARCH_PATHS = (
					"$(SDKROOT)/Developer/Library/Frameworks",
					"$(inherited)",
				);
				GCC_PREPROCESSOR_DEFINITIONS = (
					"DEBUG=1",
					"$(inherited)",
				);
				INFOPLIST_FILE = "Clash SmartTests/Info.plist";
				LD_RUNPATH_SEARCH_PATHS = "$(inherited) @executable_path/Frameworks @loader_path/Frameworks";
				PRODUCT_NAME = "$(TARGET_NAME)";
				TEST_HOST = "$(BUILT_PRODUCTS_DIR)/Clash Smart.app/Clash Smart";
			};
			name = Debug;
		};
		20B03CE21A805D5F0003E84B /* Release */ = {
			isa = XCBuildConfiguration;
			buildSettings = {
				BUNDLE_LOADER = "$(TEST_HOST)";
				FRAMEWORK_SEARCH_PATHS = (
					"$(SDKROOT)/Developer/Library/Frameworks",
					"$(inherited)",
				);
				INFOPLIST_FILE = "Clash SmartTests/Info.plist";
				LD_RUNPATH_SEARCH_PATHS = "$(inherited) @executable_path/Frameworks @loader_path/Frameworks";
				PRODUCT_NAME = "$(TARGET_NAME)";
				TEST_HOST = "$(BUILT_PRODUCTS_DIR)/Clash Smart.app/Clash Smart";
			};
			name = Release;
		};
/* End XCBuildConfiguration section */

/* Begin XCConfigurationList section */
		20B03CB51A805D5F0003E84B /* Build configuration list for PBXProject "Clash Smart" */ = {
			isa = XCConfigurationList;
			buildConfigurations = (
				20B03CDB1A805D5F0003E84B /* Debug */,
				20B03CDC1A805D5F0003E84B /* Release */,
			);
			defaultConfigurationIsVisible = 0;
			defaultConfigurationName = Release;
		};
		20B03CDD1A805D5F0003E84B /* Build configuration list for PBXNativeTarget "Clash Smart" */ = {
			isa = XCConfigurationList;
			buildConfigurations = (
				20B03CDE1A805D5F0003E84B /* Debug */,
				20B03CDF1A805D5F0003E84B /* Release */,
			);
			defaultConfigurationIsVisible = 0;
			defaultConfigurationName = Release;
		};
		20B03CE01A805D5F0003E84B /* Build configuration list for PBXNativeTarget "Clash SmartTests" */ = {
			isa = XCConfigurationList;
			buildConfigurations = (
				20B03CE11A805D5F0003E84B /* Debug */,
				20B03CE21A805D5F0003E84B /* Release */,
			);
			defaultConfigurationIsVisible = 0;
			defaultConfigurationName = Release;
		};
/* End XCConfigurationList section */
	};
	rootObject = 20B03CB21A805D5F0003E84B /* Project object */;
}
